{
  "name": "dntpreprocess",
  "version": "1.0.0",
  "lockfileVersion": 2,
  "requires": true,
  "packages": {
    "": {
      "name": "dntpreprocess",
      "version": "1.0.0",
      "dependencies": {
        "@xmldom/xmldom": "^0.8.8"
      }
    },
    "node_modules/@xmldom/xmldom": {
      "version": "0.8.8",
      "resolved": "https://registry.npmjs.org/@xmldom/xmldom/-/xmldom-0.8.8.tgz",
      "integrity": "sha512-0LNz4EY8B/8xXY86wMrQ4tz6zEHZv9ehFMJPm8u2gq5lQ71cfRKdaKyxfJAx5aUoyzx0qzgURblTisPGgz3d+Q==",
      "engines": {
        "node": ">=10.0.0"
      }
    }
  },
  "dependencies": {
    "@xmldom/xmldom": {
      "version": "0.8.8",
      "resolved": "https://registry.npmjs.org/@xmldom/xmldom/-/xmldom-0.8.8.tgz",
      "integrity": "sha512-0LNz4EY8B/8xXY86wMrQ4tz6zEHZv9ehFMJPm8u2gq5lQ71cfRKdaKyxfJAx5aUoyzx0qzgURblTisPGgz3d+Q=="
    }
  }
}
